Microsoft Visual Studio Solution File, Format Version 12.00
# Visual Studio Version 17
VisualStudioVersion = 17.5.2.0
MinimumVisualStudioVersion = 10.0.40219.1
Project("{FAE04EC0-301F-11D3-BF4B-00C04F79EFBC}") = "LiteCyberpunkModManager", "LiteCyberpunkModManager.csproj", "{51D8C219-5D1C-DA9D-9059-783C8A469DC8}"
EndProject
Global
	GlobalSection(SolutionConfigurationPlatforms) = preSolution
		Debug|Any CPU = Debug|Any CPU
		Release|Any CPU = Release|Any CPU
	EndGlobalSection
	GlobalSection(ProjectConfigurationPlatforms) = postSolution
		{51D8C219-5D1C-DA9D-9059-783C8A469DC8}.Debug|Any CPU.ActiveCfg = Debug|Any CPU
		{51D8C219-5D1C-DA9D-9059-783C8A469DC8}.Debug|Any CPU.Build.0 = Debug|Any CPU
		{51D8C219-5D1C-DA9D-9059-783C8A469DC8}.Release|Any CPU.ActiveCfg = Release|Any CPU
		{51D8C219-5D1C-DA9D-9059-783C8A469DC8}.Release|Any CPU.Build.0 = Release|Any CPU
	EndGlobalSection
	GlobalSection(SolutionProperties) = preSolution
		HideSolutionNode = FALSE
	EndGlobalSection
	GlobalSection(ExtensibilityGlobals) = postSolution
		SolutionGuid = {8BF1F25A-730B-4817-AF7B-59A2DD2F8F59}
	EndGlobalSection
EndGlobal
